{
  "requires": true,
  "lockfileVersion": 1,
  "dependencies": {
    "primer-support": {
      "version": "4.5.4",
      "resolved": "https://registry.npmjs.org/primer-support/-/primer-support-4.5.4.tgz",
      "integrity": "sha1-BfNa+u4ncyZMSJ+rYzC5MVc7YEc="
    },
    "primer-tooltips": {
      "version": "1.5.5",
      "resolved": "https://registry.npmjs.org/primer-tooltips/-/primer-tooltips-1.5.5.tgz",
      "integrity": "sha1-6nkpxJift6daHdRHGu7GLQkw2No=",
      "requires": {
        "primer-support": "4.5.4"
      }
    }
  }
}
